
Microsoft Visual Studio Solution File, Format Version 12.00
# Visual Studio Version 17
VisualStudioVersion = 17.7.34003.232
MinimumVisualStudioVersion = 10.0.40219.1
Project("{FAE04EC0-301F-11D3-BF4B-00C04F79EFBC}") = "Practica1", "Practica1.csproj", "{AC004EC7-3E1B-46FA-8612-7C047352565D}"
EndProject
Global
	GlobalSection(SolutionConfigurationPlatforms) = preSolution
		Debug|Any CPU = Debug|Any CPU
		Release|Any CPU = Release|Any CPU
	EndGlobalSection
	GlobalSection(ProjectConfigurationPlatforms) = postSolution
		{AC004EC7-3E1B-46FA-8612-7C047352565D}.Debug|Any CPU.ActiveCfg = Debug|Any CPU
		{AC004EC7-3E1B-46FA-8612-7C047352565D}.Debug|Any CPU.Build.0 = Debug|Any CPU
		{AC004EC7-3E1B-46FA-8612-7C047352565D}.Release|Any CPU.ActiveCfg = Release|Any CPU
		{AC004EC7-3E1B-46FA-8612-7C047352565D}.Release|Any CPU.Build.0 = Release|Any CPU
	EndGlobalSection
	GlobalSection(SolutionProperties) = preSolution
		HideSolutionNode = FALSE
	EndGlobalSection
	GlobalSection(ExtensibilityGlobals) = postSolution
		SolutionGuid = {40A0C47D-0395-45FB-BE46-FAD1609C298B}
	EndGlobalSection
EndGlobal
