
Microsoft Visual Studio Solution File, Format Version 12.00
# Visual Studio Version 17
VisualStudioVersion = 17.7.34003.232
MinimumVisualStudioVersion = 10.0.40219.1
Project("{FAE04EC0-301F-11D3-BF4B-00C04F79EFBC}") = "WindowsFormsApp1", "WindowsFormsApp1.csproj", "{E2AB2F27-B09B-4021-B522-06ADB878DE49}"
EndProject
Global
	GlobalSection(SolutionConfigurationPlatforms) = preSolution
		Debug|Any CPU = Debug|Any CPU
		Release|Any CPU = Release|Any CPU
	EndGlobalSection
	GlobalSection(ProjectConfigurationPlatforms) = postSolution
		{E2AB2F27-B09B-4021-B522-06ADB878DE49}.Debug|Any CPU.ActiveCfg = Debug|Any CPU
		{E2AB2F27-B09B-4021-B522-06ADB878DE49}.Debug|Any CPU.Build.0 = Debug|Any CPU
		{E2AB2F27-B09B-4021-B522-06ADB878DE49}.Release|Any CPU.ActiveCfg = Release|Any CPU
		{E2AB2F27-B09B-4021-B522-06ADB878DE49}.Release|Any CPU.Build.0 = Release|Any CPU
	EndGlobalSection
	GlobalSection(SolutionProperties) = preSolution
		HideSolutionNode = FALSE
	EndGlobalSection
	GlobalSection(ExtensibilityGlobals) = postSolution
		SolutionGuid = {B7221CB0-CC11-46E5-B23F-8D67F73208B5}
	EndGlobalSection
EndGlobal
